// !$*UTF8*$!
{
	archiveVersion = 1;
	classes = {
	};
	objectVersion = 52;
	objects = {

/* Begin PBXBuildFile section */
		245B1F7A2527BBE000E6C71A /* Reducer.swift in Sources */ = {isa = PBXBuildFile; fileRef = 245B1F792527BBE000E6C71A /* Reducer.swift */; };
		245B1F7E2527BC0200E6C71A /* AppState.swift in Sources */ = {isa = PBXBuildFile; fileRef = 245B1F7D2527BC0200E6C71A /* AppState.swift */; };
		245B1F8D2527C27900E6C71A /* FetchTodosThunk.swift in Sources */ = {isa = PBXBuildFile; fileRef = 245B1F8C2527C27900E6C71A /* FetchTodosThunk.swift */; };
		246871B22527BB0E00F44511 /* DucksSwiftExampleApp.swift in Sources */ = {isa = PBXBuildFile; fileRef = 246871B12527BB0E00F44511 /* DucksSwiftExampleApp.swift */; };
		246871B42527BB0E00F44511 /* ContentView.swift in Sources */ = {isa = PBXBuildFile; fileRef = 246871B32527BB0E00F44511 /* ContentView.swift */; };
		246871B62527BB0F00F44511 /* Assets.xcassets in Resources */ = {isa = PBXBuildFile; fileRef = 246871B52527BB0F00F44511 /* Assets.xcassets */; };
		246871B92527BB0F00F44511 /* Preview Assets.xcassets in Resources */ = {isa = PBXBuildFile; fileRef = 246871B82527BB0F00F44511 /* Preview Assets.xcassets */; };
		2486D5DB2545E8EC004CB43B /* DuckSwift-Thunk in Frameworks */ = {isa = PBXBuildFile; productRef = 2486D5DA2545E8EC004CB43B /* DuckSwift-Thunk */; };
		248EE0E1252A192E00AB654E /* TodosService.swift in Sources */ = {isa = PBXBuildFile; fileRef = 248EE0E0252A192E00AB654E /* TodosService.swift */; };
		248EE0E5252A195000AB654E /* TodoModel.swift in Sources */ = {isa = PBXBuildFile; fileRef = 248EE0E4252A195000AB654E /* TodoModel.swift */; };
		248EE0EA252A1AC300AB654E /* SetTodosAction.swift in Sources */ = {isa = PBXBuildFile; fileRef = 248EE0E9252A1AC300AB654E /* SetTodosAction.swift */; };
/* End PBXBuildFile section */

/* Begin PBXFileReference section */
		24264A1B2527CD1300638833 /* DucksSwift */ = {isa = PBXFileReference; lastKnownFileType = folder; name = DucksSwift; path = ..; sourceTree = "<group>"; };
		245B1F792527BBE000E6C71A /* Reducer.swift */ = {isa = PBXFileReference; lastKnownFileType = sourcecode.swift; path = Reducer.swift; sourceTree = "<group>"; };
		245B1F7D2527BC0200E6C71A /* AppState.swift */ = {isa = PBXFileReference; lastKnownFileType = sourcecode.swift; path = AppState.swift; sourceTree = "<group>"; };
		245B1F8C2527C27900E6C71A /* FetchTodosThunk.swift */ = {isa = PBXFileReference; lastKnownFileType = sourcecode.swift; path = FetchTodosThunk.swift; sourceTree = "<group>"; };
		246871AE2527BB0E00F44511 /* DucksSwiftExample.app */ = {isa = PBXFileReference; explicitFileType = wrapper.application; includeInIndex = 0; path = DucksSwiftExample.app; sourceTree = BUILT_PRODUCTS_DIR; };
		246871B12527BB0E00F44511 /* DucksSwiftExampleApp.swift */ = {isa = PBXFileReference; lastKnownFileType = sourcecode.swift; path = DucksSwiftExampleApp.swift; sourceTree = "<group>"; };
		246871B32527BB0E00F44511 /* ContentView.swift */ = {isa = PBXFileReference; lastKnownFileType = sourcecode.swift; path = ContentView.swift; sourceTree = "<group>"; };
		246871B52527BB0F00F44511 /* Assets.xcassets */ = {isa = PBXFileReference; lastKnownFileType = folder.assetcatalog; path = Assets.xcassets; sourceTree = "<group>"; };
		246871B82527BB0F00F44511 /* Preview Assets.xcassets */ = {isa = PBXFileReference; lastKnownFileType = folder.assetcatalog; path = "Preview Assets.xcassets"; sourceTree = "<group>"; };
		246871BA2527BB0F00F44511 /* Info.plist */ = {isa = PBXFileReference; lastKnownFileType = text.plist.xml; path = Info.plist; sourceTree = "<group>"; };
		248EE0E0252A192E00AB654E /* TodosService.swift */ = {isa = PBXFileReference; lastKnownFileType = sourcecode.swift; path = TodosService.swift; sourceTree = "<group>"; };
		248EE0E4252A195000AB654E /* TodoModel.swift */ = {isa = PBXFileReference; lastKnownFileType = sourcecode.swift; path = TodoModel.swift; sourceTree = "<group>"; };
		248EE0E9252A1AC300AB654E /* SetTodosAction.swift */ = {isa = PBXFileReference; lastKnownFileType = sourcecode.swift; path = SetTodosAction.swift; sourceTree = "<group>"; };
/* End PBXFileReference section */

/* Begin PBXFrameworksBuildPhase section */
		246871AB2527BB0E00F44511 /* Frameworks */ = {
			isa = PBXFrameworksBuildPhase;
			buildActionMask = 2147483647;
			files = (
				2486D5DB2545E8EC004CB43B /* DuckSwift-Thunk in Frameworks */,
			);
			runOnlyForDeploymentPostprocessing = 0;
		};
/* End PBXFrameworksBuildPhase section */

/* Begin PBXGroup section */
		245B1F782527BBD400E6C71A /* Redux */ = {
			isa = PBXGroup;
			children = (
				245B1F8C2527C27900E6C71A /* FetchTodosThunk.swift */,
				248EE0E9252A1AC300AB654E /* SetTodosAction.swift */,
				245B1F792527BBE000E6C71A /* Reducer.swift */,
				245B1F7D2527BC0200E6C71A /* AppState.swift */,
			);
			path = Redux;
			sourceTree = "<group>";
		};
		246871A52527BB0E00F44511 = {
			isa = PBXGroup;
			children = (
				24264A1B2527CD1300638833 /* DucksSwift */,
				246871B02527BB0E00F44511 /* DucksSwiftExample */,
				246871AF2527BB0E00F44511 /* Products */,
				246871C52527BBAB00F44511 /* Frameworks */,
			);
			sourceTree = "<group>";
		};
		246871AF2527BB0E00F44511 /* Products */ = {
			isa = PBXGroup;
			children = (
				246871AE2527BB0E00F44511 /* DucksSwiftExample.app */,
			);
			name = Products;
			sourceTree = "<group>";
		};
		246871B02527BB0E00F44511 /* DucksSwiftExample */ = {
			isa = PBXGroup;
			children = (
				248EE0E3252A193200AB654E /* Service */,
				245B1F782527BBD400E6C71A /* Redux */,
				246871B12527BB0E00F44511 /* DucksSwiftExampleApp.swift */,
				246871B32527BB0E00F44511 /* ContentView.swift */,
				246871B52527BB0F00F44511 /* Assets.xcassets */,
				246871BA2527BB0F00F44511 /* Info.plist */,
				246871B72527BB0F00F44511 /* Preview Content */,
			);
			path = DucksSwiftExample;
			sourceTree = "<group>";
		};
		246871B72527BB0F00F44511 /* Preview Content */ = {
			isa = PBXGroup;
			children = (
				246871B82527BB0F00F44511 /* Preview Assets.xcassets */,
			);
			path = "Preview Content";
			sourceTree = "<group>";
		};
		246871C52527BBAB00F44511 /* Frameworks */ = {
			isa = PBXGroup;
			children = (
			);
			name = Frameworks;
			sourceTree = "<group>";
		};
		248EE0E3252A193200AB654E /* Service */ = {
			isa = PBXGroup;
			children = (
				248EE0E0252A192E00AB654E /* TodosService.swift */,
				248EE0E4252A195000AB654E /* TodoModel.swift */,
			);
			path = Service;
			sourceTree = "<group>";
		};
/* End PBXGroup section */

/* Begin PBXNativeTarget section */
		246871AD2527BB0E00F44511 /* DucksSwiftExample */ = {
			isa = PBXNativeTarget;
			buildConfigurationList = 246871BD2527BB0F00F44511 /* Build configuration list for PBXNativeTarget "DucksSwiftExample" */;
			buildPhases = (
				246871AA2527BB0E00F44511 /* Sources */,
				246871AB2527BB0E00F44511 /* Frameworks */,
				246871AC2527BB0E00F44511 /* Resources */,
			);
			buildRules = (
			);
			dependencies = (
			);
			name = DucksSwiftExample;
			packageProductDependencies = (
				2486D5DA2545E8EC004CB43B /* DuckSwift-Thunk */,
			);
			productName = DucksSwiftExample;
			productReference = 246871AE2527BB0E00F44511 /* DucksSwiftExample.app */;
			productType = "com.apple.product-type.application";
		};
/* End PBXNativeTarget section */

/* Begin PBXProject section */
		246871A62527BB0E00F44511 /* Project object */ = {
			isa = PBXProject;
			attributes = {
				LastSwiftUpdateCheck = 1200;
				LastUpgradeCheck = 1200;
				TargetAttributes = {
					246871AD2527BB0E00F44511 = {
						CreatedOnToolsVersion = 12.0.1;
					};
				};
			};
			buildConfigurationList = 246871A92527BB0E00F44511 /* Build configuration list for PBXProject "DucksSwiftExample" */;
			compatibilityVersion = "Xcode 9.3";
			developmentRegion = en;
			hasScannedForEncodings = 0;
			knownRegions = (
				en,
				Base,
			);
			mainGroup = 246871A52527BB0E00F44511;
			productRefGroup = 246871AF2527BB0E00F44511 /* Products */;
			projectDirPath = "";
			projectRoot = "";
			targets = (
				246871AD2527BB0E00F44511 /* DucksSwiftExample */,
			);
		};
/* End PBXProject section */

/* Begin PBXResourcesBuildPhase section */
		246871AC2527BB0E00F44511 /* Resources */ = {
			isa = PBXResourcesBuildPhase;
			buildActionMask = 2147483647;
			files = (
				246871B92527BB0F00F44511 /* Preview Assets.xcassets in Resources */,
				246871B62527BB0F00F44511 /* Assets.xcassets in Resources */,
			);
			runOnlyForDeploymentPostprocessing = 0;
		};
/* End PBXResourcesBuildPhase section */

/* Begin PBXSourcesBuildPhase section */
		246871AA2527BB0E00F44511 /* Sources */ = {
			isa = PBXSourcesBuildPhase;
			buildActionMask = 2147483647;
			files = (
				248EE0E1252A192E00AB654E /* TodosService.swift in Sources */,
				248EE0EA252A1AC300AB654E /* SetTodosAction.swift in Sources */,
				248EE0E5252A195000AB654E /* TodoModel.swift in Sources */,
				246871B42527BB0E00F44511 /* ContentView.swift in Sources */,
				246871B22527BB0E00F44511 /* DucksSwiftExampleApp.swift in Sources */,
				245B1F7A2527BBE000E6C71A /* Reducer.swift in Sources */,
				245B1F7E2527BC0200E6C71A /* AppState.swift in Sources */,
				245B1F8D2527C27900E6C71A /* FetchTodosThunk.swift in Sources */,
			);
			runOnlyForDeploymentPostprocessing = 0;
		};
/* End PBXSourcesBuildPhase section */

/* Begin XCBuildConfiguration section */
		246871BB2527BB0F00F44511 /* Debug */ = {
			isa = XCBuildConfiguration;
			buildSettings = {
				ALWAYS_SEARCH_USER_PATHS = NO;
				CLANG_ANALYZER_NONNULL = YES;
				CLANG_ANALYZER_NUMBER_OBJECT_CONVERSION = YES_AGGRESSIVE;
				CLANG_CXX_LANGUAGE_STANDARD = "gnu++14";
				CLANG_CXX_LIBRARY = "libc++";
				CLANG_ENABLE_MODULES = YES;
				CLANG_ENABLE_OBJC_ARC = YES;
				CLANG_ENABLE_OBJC_WEAK = YES;
				CLANG_WARN_BLOCK_CAPTURE_AUTORELEASING = YES;
				CLANG_WARN_BOOL_CONVERSION = YES;
				CLANG_WARN_COMMA = YES;
				CLANG_WARN_CONSTANT_CONVERSION = YES;
				CLANG_WARN_DEPRECATED_OBJC_IMPLEMENTATIONS = YES;
				CLANG_WARN_DIRECT_OBJC_ISA_USAGE = YES_ERROR;
				CLANG_WARN_DOCUMENTATION_COMMENTS = YES;
				CLANG_WARN_EMPTY_BODY = YES;
				CLANG_WARN_ENUM_CONVERSION = YES;
				CLANG_WARN_INFINITE_RECURSION = YES;
				CLANG_WARN_INT_CONVERSION = YES;
				CLANG_WARN_NON_LITERAL_NULL_CONVERSION = YES;
				CLANG_WARN_OBJC_IMPLICIT_RETAIN_SELF = YES;
				CLANG_WARN_OBJC_LITERAL_CONVERSION = YES;
				CLANG_WARN_OBJC_ROOT_CLASS = YES_ERROR;
				CLANG_WARN_QUOTED_INCLUDE_IN_FRAMEWORK_HEADER = YES;
				CLANG_WARN_RANGE_LOOP_ANALYSIS = YES;
				CLANG_WARN_STRICT_PROTOTYPES = YES;
				CLANG_WARN_SUSPICIOUS_MOVE = YES;
				CLANG_WARN_UNGUARDED_AVAILABILITY = YES_AGGRESSIVE;
				CLANG_WARN_UNREACHABLE_CODE = YES;
				CLANG_WARN__DUPLICATE_METHOD_MATCH = YES;
				COPY_PHASE_STRIP = NO;
				DEBUG_INFORMATION_FORMAT = dwarf;
				ENABLE_STRICT_OBJC_MSGSEND = YES;
				ENABLE_TESTABILITY = YES;
				GCC_C_LANGUAGE_STANDARD = gnu11;
				GCC_DYNAMIC_NO_PIC = NO;
				GCC_NO_COMMON_BLOCKS = YES;
				GCC_OPTIMIZATION_LEVEL = 0;
				GCC_PREPROCESSOR_DEFINITIONS = (
					"DEBUG=1",
					"$(inherited)",
				);
				GCC_WARN_64_TO_32_BIT_CONVERSION = YES;
				GCC_WARN_ABOUT_RETURN_TYPE = YES_ERROR;
				GCC_WARN_UNDECLARED_SELECTOR = YES;
				GCC_WARN_UNINITIALIZED_AUTOS = YES_AGGRESSIVE;
				GCC_WARN_UNUSED_FUNCTION = YES;
				GCC_WARN_UNUSED_VARIABLE = YES;
				IPHONEOS_DEPLOYMENT_TARGET = 14.0;
				MTL_ENABLE_DEBUG_INFO = INCLUDE_SOURCE;
				MTL_FAST_MATH = YES;
				ONLY_ACTIVE_ARCH = YES;
				SDKROOT = iphoneos;
				SWIFT_ACTIVE_COMPILATION_CONDITIONS = DEBUG;
				SWIFT_OPTIMIZATION_LEVEL = "-Onone";
			};
			name = Debug;
		};
		246871BC2527BB0F00F44511 /* Release */ = {
			isa = XCBuildConfiguration;
			buildSettings = {
				ALWAYS_SEARCH_USER_PATHS = NO;
				CLANG_ANALYZER_NONNULL = YES;
				CLANG_ANALYZER_NUMBER_OBJECT_CONVERSION = YES_AGGRESSIVE;
				CLANG_CXX_LANGUAGE_STANDARD = "gnu++14";
				CLANG_CXX_LIBRARY = "libc++";
				CLANG_ENABLE_MODULES = YES;
				CLANG_ENABLE_OBJC_ARC = YES;
				CLANG_ENABLE_OBJC_WEAK = YES;
				CLANG_WARN_BLOCK_CAPTURE_AUTORELEASING = YES;
				CLANG_WARN_BOOL_CONVERSION = YES;
				CLANG_WARN_COMMA = YES;
				CLANG_WARN_CONSTANT_CONVERSION = YES;
				CLANG_WARN_DEPRECATED_OBJC_IMPLEMENTATIONS = YES;
				CLANG_WARN_DIRECT_OBJC_ISA_USAGE = YES_ERROR;
				CLANG_WARN_DOCUMENTATION_COMMENTS = YES;
				CLANG_WARN_EMPTY_BODY = YES;
				CLANG_WARN_ENUM_CONVERSION = YES;
				CLANG_WARN_INFINITE_RECURSION = YES;
				CLANG_WARN_INT_CONVERSION = YES;
				CLANG_WARN_NON_LITERAL_NULL_CONVERSION = YES;
				CLANG_WARN_OBJC_IMPLICIT_RETAIN_SELF = YES;
				CLANG_WARN_OBJC_LITERAL_CONVERSION = YES;
				CLANG_WARN_OBJC_ROOT_CLASS = YES_ERROR;
				CLANG_WARN_QUOTED_INCLUDE_IN_FRAMEWORK_HEADER = YES;
				CLANG_WARN_RANGE_LOOP_ANALYSIS = YES;
				CLANG_WARN_STRICT_PROTOTYPES = YES;
				CLANG_WARN_SUSPICIOUS_MOVE = YES;
				CLANG_WARN_UNGUARDED_AVAILABILITY = YES_AGGRESSIVE;
				CLANG_WARN_UNREACHABLE_CODE = YES;
				CLANG_WARN__DUPLICATE_METHOD_MATCH = YES;
				COPY_PHASE_STRIP = NO;
				DEBUG_INFORMATION_FORMAT = "dwarf-with-dsym";
				ENABLE_NS_ASSERTIONS = NO;
				ENABLE_STRICT_OBJC_MSGSEND = YES;
				GCC_C_LANGUAGE_STANDARD = gnu11;
				GCC_NO_COMMON_BLOCKS = YES;
				GCC_WARN_64_TO_32_BIT_CONVERSION = YES;
				GCC_WARN_ABOUT_RETURN_TYPE = YES_ERROR;
				GCC_WARN_UNDECLARED_SELECTOR = YES;
				GCC_WARN_UNINITIALIZED_AUTOS = YES_AGGRESSIVE;
				GCC_WARN_UNUSED_FUNCTION = YES;
				GCC_WARN_UNUSED_VARIABLE = YES;
				IPHONEOS_DEPLOYMENT_TARGET = 14.0;
				MTL_ENABLE_DEBUG_INFO = NO;
				MTL_FAST_MATH = YES;
				SDKROOT = iphoneos;
				SWIFT_COMPILATION_MODE = wholemodule;
				SWIFT_OPTIMIZATION_LEVEL = "-O";
				VALIDATE_PRODUCT = YES;
			};
			name = Release;
		};
		246871BE2527BB0F00F44511 /* Debug */ = {
			isa = XCBuildConfiguration;
			buildSettings = {
				ASSETCATALOG_COMPILER_APPICON_NAME = AppIcon;
				ASSETCATALOG_COMPILER_GLOBAL_ACCENT_COLOR_NAME = AccentColor;
				CODE_SIGN_STYLE = Automatic;
				DEVELOPMENT_ASSET_PATHS = "\"DucksSwiftExample/Preview Content\"";
				DEVELOPMENT_TEAM = NE64KXLJA8;
				ENABLE_PREVIEWS = YES;
				INFOPLIST_FILE = DucksSwiftExample/Info.plist;
				IPHONEOS_DEPLOYMENT_TARGET = 14.0;
				LD_RUNPATH_SEARCH_PATHS = (
					"$(inherited)",
					"@executable_path/Frameworks",
				);
				PRODUCT_BUNDLE_IDENTIFIER = com.pprokopowicz.DucksSwiftExample;
				PRODUCT_NAME = "$(TARGET_NAME)";
				SWIFT_VERSION = 5.0;
				TARGETED_DEVICE_FAMILY = "1,2";
			};
			name = Debug;
		};
		246871BF2527BB0F00F44511 /* Release */ = {
			isa = XCBuildConfiguration;
			buildSettings = {
				ASSETCATALOG_COMPILER_APPICON_NAME = AppIcon;
				ASSETCATALOG_COMPILER_GLOBAL_ACCENT_COLOR_NAME = AccentColor;
				CODE_SIGN_STYLE = Automatic;
				DEVELOPMENT_ASSET_PATHS = "\"DucksSwiftExample/Preview Content\"";
				DEVELOPMENT_TEAM = NE64KXLJA8;
				ENABLE_PREVIEWS = YES;
				INFOPLIST_FILE = DucksSwiftExample/Info.plist;
				IPHONEOS_DEPLOYMENT_TARGET = 14.0;
				LD_RUNPATH_SEARCH_PATHS = (
					"$(inherited)",
					"@executable_path/Frameworks",
				);
				PRODUCT_BUNDLE_IDENTIFIER = com.pprokopowicz.DucksSwiftExample;
				PRODUCT_NAME = "$(TARGET_NAME)";
				SWIFT_VERSION = 5.0;
				TARGETED_DEVICE_FAMILY = "1,2";
			};
			name = Release;
		};
/* End XCBuildConfiguration section */

/* Begin XCConfigurationList section */
		246871A92527BB0E00F44511 /* Build configuration list for PBXProject "DucksSwiftExample" */ = {
			isa = XCConfigurationList;
			buildConfigurations = (
				246871BB2527BB0F00F44511 /* Debug */,
				246871BC2527BB0F00F44511 /* Release */,
			);
			defaultConfigurationIsVisible = 0;
			defaultConfigurationName = Release;
		};
		246871BD2527BB0F00F44511 /* Build configuration list for PBXNativeTarget "DucksSwiftExample" */ = {
			isa = XCConfigurationList;
			buildConfigurations = (
				246871BE2527BB0F00F44511 /* Debug */,
				246871BF2527BB0F00F44511 /* Release */,
			);
			defaultConfigurationIsVisible = 0;
			defaultConfigurationName = Release;
		};
/* End XCConfigurationList section */

/* Begin XCSwiftPackageProductDependency section */
		2486D5DA2545E8EC004CB43B /* DuckSwift-Thunk */ = {
			isa = XCSwiftPackageProductDependency;
			productName = "DuckSwift-Thunk";
		};
/* End XCSwiftPackageProductDependency section */
	};
	rootObject = 246871A62527BB0E00F44511 /* Project object */;
}
